
Microsoft Visual Studio Solution File, Format Version 12.00
# Visual Studio 15
VisualStudioVersion = 15.0.27703.2042
MinimumVisualStudioVersion = 10.0.40219.1
Project("{FAE04EC0-301F-11D3-BF4B-00C04F79EFBC}") = "файловый менеджер", "файловый менеджер\файловый менеджер.csproj", "{A9E43494-A2B0-4C7D-91D7-0CE90937930F}"
EndProject
Global
	GlobalSection(SolutionConfigurationPlatforms) = preSolution
		Debug|Any CPU = Debug|Any CPU
		Debug|x64 = Debug|x64
		Release|Any CPU = Release|Any CPU
		Release|x64 = Release|x64
	EndGlobalSection
	GlobalSection(ProjectConfigurationPlatforms) = postSolution
		{A9E43494-A2B0-4C7D-91D7-0CE90937930F}.Debug|Any CPU.ActiveCfg = Debug|Any CPU
		{A9E43494-A2B0-4C7D-91D7-0CE90937930F}.Debug|Any CPU.Build.0 = Debug|Any CPU
		{A9E43494-A2B0-4C7D-91D7-0CE90937930F}.Debug|x64.ActiveCfg = Debug|x64
		{A9E43494-A2B0-4C7D-91D7-0CE90937930F}.Debug|x64.Build.0 = Debug|x64
		{A9E43494-A2B0-4C7D-91D7-0CE90937930F}.Release|Any CPU.ActiveCfg = Release|Any CPU
		{A9E43494-A2B0-4C7D-91D7-0CE90937930F}.Release|Any CPU.Build.0 = Release|Any CPU
		{A9E43494-A2B0-4C7D-91D7-0CE90937930F}.Release|x64.ActiveCfg = Release|x64
		{A9E43494-A2B0-4C7D-91D7-0CE90937930F}.Release|x64.Build.0 = Release|x64
	EndGlobalSection
	GlobalSection(SolutionProperties) = preSolution
		HideSolutionNode = FALSE
	EndGlobalSection
	GlobalSection(ExtensibilityGlobals) = postSolution
		SolutionGuid = {F2ED3FCA-8B03-4771-AEB2-A92C3E198958}
	EndGlobalSection
EndGlobal
